
Microsoft Visual Studio Solution File, Format Version 12.00
# Visual Studio Version 16
VisualStudioVersion = 16.0.31515.178
MinimumVisualStudioVersion = 10.0.40219.1
Project("{FAE04EC0-301F-11D3-BF4B-00C04F79EFBC}") = "towerOfHanoi", "towerOfHanoi\towerOfHanoi.csproj", "{A50CE344-1776-42AA-9E12-A498E3CDA97C}"
EndProject
Global
	GlobalSection(SolutionConfigurationPlatforms) = preSolution
		Debug|Any CPU = Debug|Any CPU
		Release|Any CPU = Release|Any CPU
	EndGlobalSection
	GlobalSection(ProjectConfigurationPlatforms) = postSolution
		{A50CE344-1776-42AA-9E12-A498E3CDA97C}.Debug|Any CPU.ActiveCfg = Debug|Any CPU
		{A50CE344-1776-42AA-9E12-A498E3CDA97C}.Debug|Any CPU.Build.0 = Debug|Any CPU
		{A50CE344-1776-42AA-9E12-A498E3CDA97C}.Release|Any CPU.ActiveCfg = Release|Any CPU
		{A50CE344-1776-42AA-9E12-A498E3CDA97C}.Release|Any CPU.Build.0 = Release|Any CPU
	EndGlobalSection
	GlobalSection(SolutionProperties) = preSolution
		HideSolutionNode = FALSE
	EndGlobalSection
	GlobalSection(ExtensibilityGlobals) = postSolution
		SolutionGuid = {1B079A96-EB16-4ED1-A03C-E8BDA50A1534}
	EndGlobalSection
EndGlobal
